
Microsoft Visual Studio Solution File, Format Version 12.00
# Visual Studio 15
VisualStudioVersion = 15.0.28010.2050
MinimumVisualStudioVersion = 10.0.40219.1
Project("{FAE04EC0-301F-11D3-BF4B-00C04F79EFBC}") = "VMS", "VMS.csproj", "{EC34CEB3-6501-4BEC-9407-BA631801910D}"
EndProject
Global
	GlobalSection(SolutionConfigurationPlatforms) = preSolution
		Debug|x64 = Debug|x64
		Debug|x86 = Debug|x86
		Release|x64 = Release|x64
		Release|x86 = Release|x86
	EndGlobalSection
	GlobalSection(ProjectConfigurationPlatforms) = postSolution
		{EC34CEB3-6501-4BEC-9407-BA631801910D}.Debug|x64.ActiveCfg = Debug|x64
		{EC34CEB3-6501-4BEC-9407-BA631801910D}.Debug|x64.Build.0 = Debug|x64
		{EC34CEB3-6501-4BEC-9407-BA631801910D}.Debug|x86.ActiveCfg = Debug|x86
		{EC34CEB3-6501-4BEC-9407-BA631801910D}.Debug|x86.Build.0 = Debug|x86
		{EC34CEB3-6501-4BEC-9407-BA631801910D}.Release|x64.ActiveCfg = Release|x64
		{EC34CEB3-6501-4BEC-9407-BA631801910D}.Release|x64.Build.0 = Release|x64
		{EC34CEB3-6501-4BEC-9407-BA631801910D}.Release|x86.ActiveCfg = Release|x86
		{EC34CEB3-6501-4BEC-9407-BA631801910D}.Release|x86.Build.0 = Release|x86
	EndGlobalSection
	GlobalSection(SolutionProperties) = preSolution
		HideSolutionNode = FALSE
	EndGlobalSection
	GlobalSection(ExtensibilityGlobals) = postSolution
		SolutionGuid = {DE35BC3D-11E5-4266-86C7-FDCF3CEA3A2D}
	EndGlobalSection
EndGlobal
